
Microsoft Visual Studio Solution File, Format Version 12.00
# Visual Studio Version 17
VisualStudioVersion = 17.6.33815.320
MinimumVisualStudioVersion = 10.0.40219.1
Project("{FAE04EC0-301F-11D3-BF4B-00C04F79EFBC}") = "StrategyPatternDemo", "StrategyPatternDemo\StrategyPatternDemo.csproj", "{3610D408-44DD-48AD-A683-D440309329BF}"
EndProject
Global
	GlobalSection(SolutionConfigurationPlatforms) = preSolution
		Debug|Any CPU = Debug|Any CPU
		Release|Any CPU = Release|Any CPU
	EndGlobalSection
	GlobalSection(ProjectConfigurationPlatforms) = postSolution
		{3610D408-44DD-48AD-A683-D440309329BF}.Debug|Any CPU.ActiveCfg = Debug|Any CPU
		{3610D408-44DD-48AD-A683-D440309329BF}.Debug|Any CPU.Build.0 = Debug|Any CPU
		{3610D408-44DD-48AD-A683-D440309329BF}.Release|Any CPU.ActiveCfg = Release|Any CPU
		{3610D408-44DD-48AD-A683-D440309329BF}.Release|Any CPU.Build.0 = Release|Any CPU
	EndGlobalSection
	GlobalSection(SolutionProperties) = preSolution
		HideSolutionNode = FALSE
	EndGlobalSection
	GlobalSection(ExtensibilityGlobals) = postSolution
		SolutionGuid = {CDBB917E-9C99-4B24-BE80-B95D68B31141}
	EndGlobalSection
EndGlobal
